github.com/BurntSushi/toml v0.3.0 h1:e1/Ivsx3Z0FVTV0NSOv/aVgbUWyQuzj7DDnFblkRvsY=
github.com/BurntSushi/toml v0.3.0/go.mod h1:xHWCNGjB5oqiDr8zfno3MHue2Ht5sIBksp03qcyfWMU=
github.com/Joker/jade v0.0.0-20180419144541-8828253bfc54 h1:TTXIOzKivsx3sw9/ibfcRbDIQD2AN1rJIanDr2JRI7Y=
github.com/Joker/jade v0.0.0-20180419144541-8828253bfc54/go.mod h1:R1kvvouJogE6SnKqO5Qw3j2rCE2T9HjIWaFeSET/qMQ=
github.com/PuerkitoBio/goquery v1.4.1 h1:smcIRGdYm/w7JSbcdeLHEMzxmsBQvl8lhf0dSw2nzMI=
github.com/PuerkitoBio/goquery v1.4.1/go.mod h1:T9ezsOHcCrDCgA8aF1Cqr3sSYbO/xgdy8/R/XiIMAhA=
github.com/RichardKnop/logging v0.0.0-20180526092819-f8c19a024686 h1:TkYzRxxYJCg/6U14cSSt8f5gE89FtLEcEPRILLqZY2Q=
github.com/RichardKnop/logging v0.0.0-20180526092819-f8c19a024686/go.mod h1:GN1ovZ77t2jiz0kTaWhgtQe271GODCgheqxlxGt7wIo=
github.com/RichardKnop/machinery v1.2.2 h1:2w/Uf3rTrv3LFOGLYBW2VJZZK9N4PJQyUcU9lfqAtzE=
github.com/RichardKnop/machinery v1.2.2/go.mod h1:EGygLd9H7AmtBgSQiHkRjtPiOVsyofRSBQftWEGLZXs=
github.com/andybalholm/cascadia v1.0.0 h1:PwowyX+0MadmCfEKiP7OmkegaYdkxBM+WWAe4jCQizI=
github.com/andybalholm/cascadia v1.0.0/go.mod h1:GsXiBklL0woXo1j/WYWtSYYC4ouU9PqHO0sqidkEA4Y=
github.com/antchfx/htmlquery v0.0.0-20180524052033-b4407197cfe8 h1:qprEsdF+iZKg7vcRsouZn/oFnCl1nuDDQjKHyVHZobs=
github.com/antchfx/htmlquery v0.0.0-20180524052033-b4407197cfe8/go.mod h1:MS9yksVSQXls00iXkiMqXr0J+umL/AmxXKuP28SUJM8=
github.com/antchfx/xmlquery v0.0.0-20180524052823-9188d8442369 h1:KxfNwQ9EZ0Ml2mTpUuN7j4koy5emkqjIy91H8JwjjXA=
github.com/antchfx/xmlquery v0.0.0-20180524052823-9188d8442369/go.mod h1:/+CnyD/DzHRnv2eRxrVbieRU/FIF6N0C+7oTtyUtCKk=
github.com/antchfx/xpath v0.0.0-20180524052354-077bca4d2caa h1:4PIeaUXPvtP23lS05140CDa0BUcG8E/Vx34ZB0nSQRo=
github.com/antchfx/xpath v0.0.0-20180524052354-077bca4d2caa/go.mod h1:Yee4kTMuNiPYJ7nSNorELQMr1J33uOpXDMByNYhvtNk=
github.com/aws/aws-sdk-go v0.0.0-20180614222732-f14473920f7d h1:e9cNa8AxeK+1GML/HHI+14NIEyvBn8kmJAdN0H9OYbQ=
github.com/aws/aws-sdk-go v0.0.0-20180614222732-f14473920f7d/go.mod h1:ZRmQr0FajVIyZ4ZzBYKG5P3ZqPz9IHG41ZoMu1ADI3k=
github.com/aymerick/raymond v0.0.0-20180322193309-b565731e1464 h1:quIFisiDHbYO01CY0zjGuSkHD4jwybkmwD6eZZ1H5fk=
github.com/aymerick/raymond v0.0.0-20180322193309-b565731e1464/go.mod h1:osfaiScAUVup+UC9Nfq76eWqDhXlp+4UYaA8uhTBO6g=
github.com/betacraft/yaag v0.0.0-20171121120239-67962f4b7758/go.mod h1:H8vGZObMkLGeoQ8nUbzxut7TLuswcLV+xW1hkFnmvyQ=
github.com/bradfitz/gomemcache v0.0.0-20170208213004-1952afaa557d h1:3pGPKQzNZJLuyrwcywrdbCG9fa++EL5hUGadrLjQ8n4=
github.com/bradfitz/gomemcache v0.0.0-20170208213004-1952afaa557d/go.mod h1:PmM6Mmwb0LSuEubjR8N7PtNe1KxZLtOUHtbeikc5h60=
github.com/deckarep/golang-set v0.0.0-20171013212420-1d4478f51bed h1:q5HCeHdLBsOHJLpzCHFmo2sQOhHPtlxSiUgwK/1WxHg=
github.com/deckarep/golang-set v0.0.0-20171013212420-1d4478f51bed/go.mod h1:93vsz/8Wt4joVM7c2AVqh+YRMiUSc14yDtF28KmMOgQ=
github.com/dgrijalva/jwt-go v3.2.0+incompatible h1:7qlOGliEKZXTDg6OTjfoBKDXWrumCAMpl/TFQ4/5kLM=
github.com/dgrijalva/jwt-go v3.2.0+incompatible/go.mod h1:E3ru+11k8xSBh+hMPgOLZmtrrCbhqsmaPHjLKYnJCaQ=
github.com/eknkc/amber v0.0.0-20171010120322-cdade1c07385 h1:HAIKw9BCPKxKMvQgc8MXAy7D9xHq+z0YV/8hJs2Q6Gc=
github.com/eknkc/amber v0.0.0-20171010120322-cdade1c07385/go.mod h1:0vRUJqYpeSZifjYj7uP3BG/gKcuzL9xWVV/Y+cK33KM=
github.com/fatih/structs v1.0.0 h1:MwGVl4ykGfWGibuEMczg6avajbVpEDGNwWyknSck0cc=
github.com/fatih/structs v1.0.0/go.mod h1:9NiDSp5zOcgEDl+j00MP/WkGVPOlPRLejGD8Ga6PJ7M=
github.com/flosch/pongo2 v0.0.0-20180611110828-67f4ff8560df h1:uoTLLWhd2rLHER3K2rVT8mgazOcpyCfkpfdL1EJn/eQ=
github.com/flosch/pongo2 v0.0.0-20180611110828-67f4ff8560df/go.mod h1:rE0ErqqBaMcp9pzj8JxV1GcfDBpuypXYxlR1c37AUwg=
github.com/garyburd/redigo v1.6.0 h1:oBWtWPSI0GryVYAu0f7i8r2fPZd3qafHJaCezU0ct5g=
github.com/garyburd/redigo v1.6.0/go.mod h1:NR3MbYisc3/PwhQ00EMzDiPmrwpPxAn5GI05/YaO1SY=
github.com/go-ini/ini v1.37.0 h1:3Xxwlz2jc1iXtvkm5Dpl9xitDTusyu38xyMvferdKVs=
github.com/go-ini/ini v1.37.0/go.mod h1:ByCAeIL28uOIIG0E3PJtZPDL8WnHpFKFOtgjp+3Ies8=
github.com/go-playground/locales v0.12.1 h1:X5lhlSDJAqqsOyQ9nWnywxoZOXvzIZXDolAsPE4UZa8=
github.com/go-playground/locales v0.12.1/go.mod h1:IUMDtCfWo/w/mtMfIE/IG2K+Ey3ygWanZIBtBW0W2TM=
github.com/go-playground/universal-translator v0.16.0 h1:MVzQHISzL96XIAahWvNrx5V1Th/aN6vtLG4KlcGnOF0=
github.com/go-playground/universal-translator v0.16.0/go.mod h1:1AnU7NaIRDWWzGEKwgtJRd2xk99HeFyHw3yid4rvQIY=
github.com/go-sql-driver/mysql v1.4.0 h1:GPujuSevcImKPzQ9YwLp6Q3vIz35XUureOJux+4GrPs=
github.com/go-sql-driver/mysql v1.4.0/go.mod h1:zAC/RDZ24gD3HViQzih4MyKcchzm+sOG5ZlKdlhCg5w=
github.com/gobwas/glob v0.2.3 h1:oJq3+lAvcVN6lZxiWSCyMWuW9kkPM+UNZY0a6isLV5Q=
github.com/gobwas/glob v0.2.3/go.mod h1:d3Ez4x06l9bZtSvzIay5+Yzi0fmZzPgnTbPcKjJAkT8=
github.com/gocolly/colly v0.0.0-20180614192747-41323a470fac h1:1bTHdmiqxTPZXB+aCXtW4wxM1x28KVDfPduod5RBfy0=
github.com/gocolly/colly v0.0.0-20180614192747-41323a470fac/go.mod h1:Hof5T3ZswNVsOHYmba1u03W65HDWgpV5HifSuueE0EA=
github.com/golang/protobuf v1.1.0 h1:8GbbaAD6CXBTULxlDTBo0TfxHsLQAP7MLcdBSvC2iNY=
github.com/golang/protobuf v1.1.0/go.mod h1:6lQm79b+lXiMfvg/cZm0SGofjICqVBUtrP5yJMmIC1U=
github.com/google/go-github v0.0.0-20180613004729-a83ae98ad5d0 h1:e5m68otIxvuo2cg3ZGdSDoHeOICKAUDvc4+rsA94Kh4=
github.com/google/go-github v0.0.0-20180613004729-a83ae98ad5d0/go.mod h1:zLgOLi98H3fifZn+44m+umXrS52loVEgC2AApnigrVQ=
github.com/google/go-querystring v0.0.0-20170111101155-53e6ce116135 h1:82rFho0E6ZJy0R3kZIfdaMgyuCp7UgsMWIIbkQV7ww8=
github.com/google/go-querystring v0.0.0-20170111101155-53e6ce116135/go.mod h1:odCYkC5MyYFN7vkCjXpyrEuKhc/BUO6wN/zVPAxq5ck=
github.com/hashicorp/go-version v0.0.0-20180322230233-23480c066577 h1:GFrTGiDboJOn52719NeapKwKHMlwoCAgHam8dRef9NY=
github.com/hashicorp/go-version v0.0.0-20180322230233-23480c066577/go.mod h1:fltr4n8CU8Ke44wwGCBoEymUuxUHl09ZGVZPK5anwXA=
github.com/iris-contrib/formBinder v0.0.0-20171010160137-ad9fb86c356f h1:WgD6cqCSncBgkftw34mSPlMKU5JgoruAomW/SJtRrGU=
github.com/iris-contrib/formBinder v0.0.0-20171010160137-ad9fb86c356f/go.mod h1:i8kTYUOEstd/S8TG0ChTXQdf4ermA/e8vJX0+QruD9w=
github.com/iris-contrib/middleware v0.0.0-20171114084220-1060fbb0ce08 h1:q2b6T+zzqIWXvblYSVjttm5HELne2MeogxS3NOKuAus=
github.com/iris-contrib/middleware v0.0.0-20171114084220-1060fbb0ce08/go.mod h1:lZivVjxn00uQH7vp452Wa2p9GD+2ElkVms944o+f0+Y=
github.com/jinzhu/gorm v1.9.1 h1:e3B9cD2QZV6Yediop2VgJJFlI48IEjHzhwgTVh1d2QA=
github.com/jinzhu/gorm v1.9.1/go.mod h1:Vla75njaFJ8clLU1W44h34PjIkijhjHIYnZxMqCdxqo=
github.com/jinzhu/inflection v0.0.0-20180308033659-04140366298a h1:lDXl6IFtZ1YrNLI1Y0sRWBZmvT1JTlfK1AvWAzNcVnY=
github.com/jinzhu/inflection v0.0.0-20180308033659-04140366298a/go.mod h1:h+uFLlag+Qp1Va5pdKtLDYj+kHp5pxUVkryuEj+Srlc=
github.com/jmespath/go-jmespath v0.0.0-20160202185014-0b12d6b521d8 h1:56ftllQdRjB/nNck98qh0HqWpk8CfTROcu5g5u89yos=
github.com/jmespath/go-jmespath v0.0.0-20160202185014-0b12d6b521d8/go.mod h1:Nht3zPeWKUH0NzdCt2Blrr5ys8VGpn0CEB0cQHVjt7k=
github.com/json-iterator/go v0.0.0-20180612202835-f2b4162afba3 h1:iEgLVSNMyywU7WjI39B7r02vKGTFKAQGDEX2IU73LmU=
github.com/json-iterator/go v0.0.0-20180612202835-f2b4162afba3/go.mod h1:+SdeFBvtyEkXs7REEP0seUULqWtbJapLOCVDaaPEHmU=
github.com/juju/errors v0.0.0-20170703010042-c7d06af17c68 h1:D3mLEXyI+qjEq3dtTrRdR17G+mcHFxoS1JA1e5lsRRk=
github.com/juju/errors v0.0.0-20170703010042-c7d06af17c68/go.mod h1:W54LbzXuIE0boCoNJfwqpmkKJ1O4TCTZMetAt6jGk7Q=
github.com/kataras/golog v0.0.0-20180321173939-03be10146386 h1:gGNbIIKWVaCos3YYyqqmBuU4fzm6P603WzDEamS9afM=
github.com/kataras/golog v0.0.0-20180321173939-03be10146386/go.mod h1:PcaEvfvhGsqwXZ6S3CgCbmjcp+4UDUh2MIfF2ZEul8M=
github.com/kataras/iris v10.5.0+incompatible h1:rOhBFECXXhq99uPgmh67pMzrx1j2OO93Y3rwiDgeECo=
github.com/kataras/iris v10.5.0+incompatible/go.mod h1:ki9XPua5SyAJbIxDdsssxevgGrbpBmmvoQmo/A0IodY=
github.com/kataras/pio v0.0.0-20180511174041-a9733b5b6b83 h1:6RTgBUsdCJQjQ3lf8bJbeCz9cq0fizR14JYv0Xf97to=
github.com/kataras/pio v0.0.0-20180511174041-a9733b5b6b83/go.mod h1:NV88laa9UiiDuX9AhMbDPkGYSPugBOV6yTZB1l2K9Z0=
github.com/kataras/survey v1.3.4 h1:Rze9B5aJu2V5eiQin5q5DgBial98sz0S8bJybsxni84=
github.com/kataras/survey v1.3.4/go.mod h1:nmiDCfRSZ+579gDwaIe6jqWQMxj1wxS0Xg1ZOX/W1Jg=
github.com/kelseyhightower/envconfig v0.0.0-20180517194557-dd1402a4d99d h1:v7xwONvO4gFqKAfIBvN1I54DIK8Bqdi4lTkqZrVgcLU=
github.com/kelseyhightower/envconfig v0.0.0-20180517194557-dd1402a4d99d/go.mod h1:cccZRl6mQpaq41TPp5QxidR+Sa3axMbJDNb//FQX6Gg=
github.com/kennygrant/sanitize v1.2.3 h1:G/ZY4EyIiuwDk3uO6jbzA6aXzeCUMWqjcPjN4S6Flrc=
github.com/kennygrant/sanitize v1.2.3/go.mod h1:LGsjYYtgxbetdg5owWB2mpgUL6e2nfw2eObZ0u0qvak=
github.com/klauspost/compress v1.2.1 h1:5GmEN7xNcYIqcN6hR79WeXcVASerbzL6mKU69kN2tQM=
github.com/klauspost/compress v1.2.1/go.mod h1:RyIbtBH6LamlWaDj8nUwkbUhJ87Yi3uG0guNDohfE1A=
github.com/klauspost/cpuid v0.0.0-20170728055534-ae7887de9fa5 h1:skv0uRKkLIleIT7B0St9fB4C+xc2n+59NAsCfPSKXDU=
github.com/klauspost/cpuid v0.0.0-20170728055534-ae7887de9fa5/go.mod h1:Pj4uuM528wm8OyEC2QMXAi2YiTZ96dNQPGgoMS4s3ek=
github.com/klauspost/crc32 v0.0.0-20161016154125-cb6bfca970f6 h1:HfgQtDFWcwBv9gVEfdU7QTQ41S9tvV+V+tgQvyuwipQ=
github.com/klauspost/crc32 v0.0.0-20161016154125-cb6bfca970f6/go.mod h1:+ZoRqAPRLkC4NPOvfYeR5KNOrY6TD+/sAC3HXPZgDYg=
github.com/mattn/go-colorable v0.0.9 h1:jSMWhO9lSq6UI/A0IciFcUiD4k+9JrH0Mr5rbm6tbv0=
github.com/mattn/go-colorable v0.0.9/go.mod h1:9vuHe8Xs5qXnSaW/c/ABM9alt+Vo+STaOChaDxuIBZU=
github.com/mattn/go-isatty v0.0.3 h1:kc7WF9Y0H91gIWU04oH2jNKWPVCBNT8EV2oqV0F+lQM=
github.com/mattn/go-isatty v0.0.3/go.mod h1:M+lRXTBqGeGNdLjl/ufCoiOlB5xdOkqRJdNxMWT7Zi4=
github.com/mgutz/ansi v0.0.0-20170206155736-9520e82c474b h1:zJd6GZt+Asr4ESHFZp94nJQ5SqUxDQsJ9lOQeKW9H3o=
github.com/mgutz/ansi v0.0.0-20170206155736-9520e82c474b/go.mod h1:01TrycV0kFyexm33Z7vhZRXopbI8J3TDReVlkTgMUxE=
github.com/microcosm-cc/bluemonday v0.0.0-20180327211928-995366fdf961 h1:l3bJ26CQYYx4UR8jrEs+xLWqj3b+YYbgW4rDJZe5gUY=
github.com/microcosm-cc/bluemonday v0.0.0-20180327211928-995366fdf961/go.mod h1:hsXNsILzKxV+sX77C5b8FSuKF00vh2OMYv+xgHpAMF4=
github.com/modern-go/concurrent v0.0.0-20180306012644-bacd9c7ef1dd h1:Q8HIj9Xl5vNVdGah+a+KTa2GyssKJMX/lpUDGknXOYg=
github.com/modern-go/concurrent v0.0.0-20180306012644-bacd9c7ef1dd/go.mod h1:6dJC0mAP4ikYIbvyc7fijjWJddQyLn8Ig3JB5CqoB9Q=
github.com/modern-go/reflect2 v0.0.0-20180228065516-1df9eeb2bb81 h1:YIafgqaVChAxWbpwW05z7WbcW5LwmbUVsgY0waw/ZLA=
github.com/modern-go/reflect2 v0.0.0-20180228065516-1df9eeb2bb81/go.mod h1:bx2lNnkwVCuqBIxFjflWJWanXIb3RllmbCylyMrvgv0=
github.com/mohuishou/scu v0.0.0-20180707165845-5a6796c8b1fb h1:w0usN8Z2h5mvJANlnbPVCMp4ro+IvM8w9UXmIkBAnWg=
github.com/mohuishou/scu v0.0.0-20180707165845-5a6796c8b1fb/go.mod h1:KYyIuojzgOTzYjLGCN/UwXs4y4BgTQacj9QApQDYOAE=
github.com/mohuishou/scu v0.0.0-20180829170301-2bc7d4336d36 h1:g/BH8kF7hoSlC0MGn9TAil2HgkHVNwQMizxWcv8mkJQ=
github.com/mohuishou/scu v0.0.0-20180829170301-2bc7d4336d36/go.mod h1:KYyIuojzgOTzYjLGCN/UwXs4y4BgTQacj9QApQDYOAE=
github.com/mohuishou/scu v0.0.0-20180830153744-634c9b29f12d h1:AqLRkVNRJOLJTvOY1SWYNnyonDNK900DH7LPHvdvJJQ=
github.com/mohuishou/scu v0.0.0-20180830153744-634c9b29f12d/go.mod h1:KYyIuojzgOTzYjLGCN/UwXs4y4BgTQacj9QApQDYOAE=
github.com/opentracing/opentracing-go v1.0.2 h1:edAcHT/WYoCrCmpv0DUs19ZnSMWctDA/IjFLP/RFA2s=
github.com/opentracing/opentracing-go v1.0.2/go.mod h1:UkNAQd3GIcIGf0SeVgPpRdFStlNbqXla1AfSYxPUl2o=
github.com/robfig/cron v0.0.0-20180505203441-b41be1df6967 h1:KDRpTQTO+F3czlMACOYDSJfvR6OXPirn04KknDNNicE=
github.com/robfig/cron v0.0.0-20180505203441-b41be1df6967/go.mod h1:JGuDeoQd7Z6yL4zQhZ3OPEVHB7fL6Ka6skscFHfmt2k=
github.com/ryanuber/columnize v0.0.0-20170703205827-abc90934186a h1:lBBuzQjadbJVAvhjH61Q/Ai32aGFQ4q1jKB9zR/JO7E=
github.com/ryanuber/columnize v0.0.0-20170703205827-abc90934186a/go.mod h1:sm1tb6uqfes/u+d4ooFouqFdy9/2g9QGwK3SQygK0Ts=
github.com/saintfish/chardet v0.0.0-20120816061221-3af4cd4741ca h1:UrV2j/MHY2q4mTTFd4ISr/nD4SD7XzLGtWpZotmzgis=
github.com/saintfish/chardet v0.0.0-20120816061221-3af4cd4741ca/go.mod h1:uugorj2VCxiV1x+LzaIdVa9b4S4qGAcH6cbhh4qVxOU=
github.com/satori/go.uuid v1.2.0 h1:76/PPhaNu6VlWwGn3lQxpZOD2P9MoVvDzPzBHBoBNe4=
github.com/satori/go.uuid v1.2.0/go.mod h1:dA0hQrYB0VpLJoorglMZABFdXlWrHn1NEOzdhQKdks0=
github.com/shurcooL/sanitized_anchor_name v0.0.0-20170918181015-86672fcb3f95 h1:/vdW8Cb7EXrkqWGufVMES1OH2sU9gKVb2n9/1y5NMBY=
github.com/shurcooL/sanitized_anchor_name v0.0.0-20170918181015-86672fcb3f95/go.mod h1:1NzhyTcUVG4SuEtjjoZeVRXNmyL/1OwPU0+IJeTBvfc=
github.com/streadway/amqp v0.0.0-20180528204448-e5adc2ada8b8 h1:/fGc7vEcAUYbPRHDIcz2KS680zQRkwGFJqNRsWikfuQ=
github.com/streadway/amqp v0.0.0-20180528204448-e5adc2ada8b8/go.mod h1:1WNBiOZtZQLpVAyu0iTduoJL9hEsMloAK5XWrtW0xdY=
github.com/temoto/robotstxt v0.0.0-20170603013557-9e4646fa7053 h1:8SnEScSvQhZU6dpRQVkjQmYxHqMxAaKa8eBwue4Y760=
github.com/temoto/robotstxt v0.0.0-20170603013557-9e4646fa7053/go.mod h1:aOux3gHPCftJ3KHq6Pz/AlDjYJ7Y+yKfm1gU/3B0u04=
golang.org/x/crypto v0.0.0-20180614221331-a8fb68e7206f h1:0ReLo7NGPIcJVP5DVBX71f2C2NxXXUCxX/WYAAqzkaA=
golang.org/x/crypto v0.0.0-20180614221331-a8fb68e7206f/go.mod h1:6SG95UA2DQfeDnfUPMdvaQW0Q7yPrPDi9nlGo2tz2b4=
golang.org/x/net v0.0.0-20180218175443-cbe0f9307d01/go.mod h1:mL1N/T3taQHkDXs73rZJwtUhF3w3ftmwwsq0BUmARs4=
golang.org/x/net v0.0.0-20180611182652-db08ff08e862 h1:JZi6BqOZ+iSgmLWe6llhGrNnEnK+YB/MRkStwnEfbqM=
golang.org/x/net v0.0.0-20180611182652-db08ff08e862/go.mod h1:mL1N/T3taQHkDXs73rZJwtUhF3w3ftmwwsq0BUmARs4=
golang.org/x/oauth2 v0.0.0-20180603041954-1e0a3fa8ba9a h1:w3eZMko/NSVZa2AhqMmD0hQWswZSwi39NUPhpU6cEzU=
golang.org/x/oauth2 v0.0.0-20180603041954-1e0a3fa8ba9a/go.mod h1:N/0e6XlmueqKjAGxoOufVs8QHGRruUQn6yWY3a++T0U=
golang.org/x/sys v0.0.0-20180615093615-8014b7b116a6 h1:rrYit4tsTJh0vBGArAqChQtS30skP1y3gh9UFDu8PBA=
golang.org/x/sys v0.0.0-20180615093615-8014b7b116a6/go.mod h1:STP8DvDyc/dI5b8T5hshtkjS+E42TnysNCUPdjciGhY=
golang.org/x/text v0.3.0 h1:g61tztE5qeGQ89tm6NTjjM9VPIm088od1l6aSorWRWg=
golang.org/x/text v0.3.0/go.mod h1:NqM8EUOU14njkJ3fqMW+pc6Ldnwhi/IjpwHt7yyuwOQ=
google.golang.org/appengine v1.0.0 h1:+0MCzx27K804bMYNlCFIuGqAOwC0AU2bJcqbTKgOdsc=
google.golang.org/appengine v1.0.0/go.mod h1:EbEs0AVv82hx2wNQdGPgUI5lhzA/G0D9YwlJXL52JkM=
gopkg.in/AlecAivazis/survey.v1 v1.5.3 h1:tr9FFjiReVHfQRns8CzPMeKwNYJWBfmOpDGj/KtjuZ4=
gopkg.in/AlecAivazis/survey.v1 v1.5.3/go.mod h1:2Ehl7OqkBl3Xb8VmC4oFW2bItAhnUfzIjrOzwRxCrOU=
gopkg.in/check.v1 v0.0.0-20161208181325-20d25e280405/go.mod h1:Co6ibVJAznAaIkqp8huTwlJQCZ016jof/cbN4VW5Yz0=
gopkg.in/go-playground/validator.v9 v9.17.1 h1:HXrRRKXINSFaoBPPDGkrk2eyoD+kSITTZUCylkHLcFM=
gopkg.in/go-playground/validator.v9 v9.17.1/go.mod h1:+c9/zcJMFNgbLvly1L1V+PpxWdVbfP1avr/N00E2vyQ=
gopkg.in/mgo.v2 v2.0.0-20160818020120-3f83fa500528 h1:i71aksRW7Z9b58l6vPfQeYTGQKN+UC/fIQ2drFeQOFQ=
gopkg.in/mgo.v2 v2.0.0-20160818020120-3f83fa500528/go.mod h1:yeKp02qBN3iKW1OzL3MGk2IdtZzaj7SFntXj72NppTA=
gopkg.in/redsync.v1 v1.0.1 h1:nXDcr9BoHX5rC9xTTOXTrxu1ywep2Xc8g5rtb5qcRFc=
gopkg.in/redsync.v1 v1.0.1/go.mod h1:vJHDHbiLriSzwa/ydqeuTZiOl6CdMPZNbPlsXi9yv4I=
gopkg.in/russross/blackfriday.v2 v2.0.0-20180526075726-670777b536d3 h1:7L51oM0iQfs2NufMGU/2qjUKkiugaAsm5lo2hZJs9JQ=
gopkg.in/russross/blackfriday.v2 v2.0.0-20180526075726-670777b536d3/go.mod h1:6sSBNz/GtOm/pJTuh5UmBK2ZHfmnxGbl2NZg1UliSOI=
gopkg.in/yaml.v2 v2.2.1 h1:iqF1wZ2TXCBcwc7owzFaIDMp4xPBLZz7BaYmXdIL0lQ=
gopkg.in/yaml.v2 v2.2.1/go.mod h1:hI93XBmqTisBFMUTm0b8Fm+jr3Dg1NNxqwp+5A1VGuI=
