# This file is autogenerated, do not edit; changes may be undone by the next 'dep ensure'.


[[projects]]
  branch = "master"
  name = "github.com/jinzhu/gorm"
  packages = ["."]
  revision = "0a51f6cdc55d1650d9ed3b4c13026cfa9133b01e"

[[projects]]
  branch = "master"
  name = "github.com/jinzhu/inflection"
  packages = ["."]
  revision = "1c35d901db3da928c72a72d8458480cc9ade058f"

[solve-meta]
  analyzer-name = "dep"
  analyzer-version = 1
  inputs-digest = "c54de5998bc53b073077b3b6880e8efb0d1e342274680a93c3d4fd71347cba76"
  solver-name = "gps-cdcl"
  solver-version = 1
